// !$*UTF8*$!
{
	archiveVersion = 1;
	classes = {
	};
	objectVersion = 77;
	objects = {

/* Begin PBXBuildFile section */
		B5CA3A3F2FD41D14005BE938 /* README.md in Resources */ = {isa = PBXBuildFile; fileRef = B5CA3A3E2FD41D14005BE938 /* README.md */; };
		B5CA3A402FD41D14005BE938 /* LICENSE in Resources */ = {isa = PBXBuildFile; fileRef = B5CA3A3D2FD41D14005BE938 /* LICENSE */; };
		B5E6B9322FD33AAF00D7A8A6 /* WidgetKit.framework in Frameworks */ = {isa = PBXBuildFile; fileRef = B5E6B9312FD33AAF00D7A8A6 /* WidgetKit.framework */; };
		B5E6B9342FD33AAF00D7A8A6 /* SwiftUI.framework in Frameworks */ = {isa = PBXBuildFile; fileRef = B5E6B9332FD33AAF00D7A8A6 /* SwiftUI.framework */; };
		B5E6B93F2FD33AB000D7A8A6 /* mnmlWidgets.appex in Embed Foundation Extensions */ = {isa = PBXBuildFile; fileRef = B5E6B92F2FD33AAF00D7A8A6 /* mnmlWidgets.appex */; settings = {ATTRIBUTES = (RemoveHeadersOnCopy, ); }; };
/* End PBXBuildFile section */

/* Begin PBXContainerItemProxy section */
		AAAA0000000000000000AA0B /* PBXContainerItemProxy */ = {
			isa = PBXContainerItemProxy;
			containerPortal = B5F7ABDA2FC8ED3500BDBF26 /* Project object */;
			proxyType = 1;
			remoteGlobalIDString = B5F7ABE12FC8ED3500BDBF26;
			remoteInfo = mnml;
		};
		B5E6B93D2FD33AB000D7A8A6 /* PBXContainerItemProxy */ = {
			isa = PBXContainerItemProxy;
			containerPortal = B5F7ABDA2FC8ED3500BDBF26 /* Project object */;
			proxyType = 1;
			remoteGlobalIDString = B5E6B92E2FD33AAF00D7A8A6;
			remoteInfo = mnmlWidgetsExtension;
		};
/* End PBXContainerItemProxy section */

/* Begin PBXCopyFilesBuildPhase section */
		B5E6B9442FD33AB000D7A8A6 /* Embed Foundation Extensions */ = {
			isa = PBXCopyFilesBuildPhase;
			buildActionMask = 2147483647;
			dstPath = "";
			dstSubfolderSpec = 13;
			files = (
				B5E6B93F2FD33AB000D7A8A6 /* mnmlWidgets.appex in Embed Foundation Extensions */,
			);
			name = "Embed Foundation Extensions";
			runOnlyForDeploymentPostprocessing = 0;
		};
/* End PBXCopyFilesBuildPhase section */

/* Begin PBXFileReference section */
		AAAA0000000000000000AA06 /* mnmlTests.xctest */ = {isa = PBXFileReference; explicitFileType = wrapper.cfbundle; includeInIndex = 0; path = mnmlTests.xctest; sourceTree = BUILT_PRODUCTS_DIR; };
		B5CA3A3D2FD41D14005BE938 /* LICENSE */ = {isa = PBXFileReference; lastKnownFileType = text; path = LICENSE; sourceTree = "<group>"; };
		B5CA3A3E2FD41D14005BE938 /* README.md */ = {isa = PBXFileReference; lastKnownFileType = net.daringfireball.markdown; path = README.md; sourceTree = "<group>"; };
		B5CA3A502FD41D14005BE938 /* Signing.xcconfig */ = {isa = PBXFileReference; lastKnownFileType = text.xcconfig; path = Signing.xcconfig; sourceTree = "<group>"; };
		B5E6B92F2FD33AAF00D7A8A6 /* mnmlWidgets.appex */ = {isa = PBXFileReference; explicitFileType = "wrapper.app-extension"; includeInIndex = 0; path = mnmlWidgets.appex; sourceTree = BUILT_PRODUCTS_DIR; };
		B5E6B9312FD33AAF00D7A8A6 /* WidgetKit.framework */ = {isa = PBXFileReference; lastKnownFileType = wrapper.framework; name = WidgetKit.framework; path = System/Library/Frameworks/WidgetKit.framework; sourceTree = SDKROOT; };
		B5E6B9332FD33AAF00D7A8A6 /* SwiftUI.framework */ = {isa = PBXFileReference; lastKnownFileType = wrapper.framework; name = SwiftUI.framework; path = System/Library/Frameworks/SwiftUI.framework; sourceTree = SDKROOT; };
		B5F7ABE22FC8ED3500BDBF26 /* mnml.app */ = {isa = PBXFileReference; explicitFileType = wrapper.application; includeInIndex = 0; path = mnml.app; sourceTree = BUILT_PRODUCTS_DIR; };
/* End PBXFileReference section */

/* Begin PBXFileSystemSynchronizedBuildFileExceptionSet section */
		AAAA0000000000000000AAC0 /* Exceptions for "mnml" folder in "mnml" target */ = {
			isa = PBXFileSystemSynchronizedBuildFileExceptionSet;
			membershipExceptions = (
				Info.plist,
			);
			target = B5F7ABE12FC8ED3500BDBF26 /* mnml */;
		};
		B5E6B9432FD33AB000D7A8A6 /* Exceptions for "mnmlWidgets" folder in "mnmlWidgets" target */ = {
			isa = PBXFileSystemSynchronizedBuildFileExceptionSet;
			membershipExceptions = (
				Info.plist,
			);
			target = B5E6B92E2FD33AAF00D7A8A6 /* mnmlWidgets */;
		};
		B5E6B9522FD33B4100D7A8A6 /* Exceptions for "mnml" folder in "mnmlWidgets" target */ = {
			isa = PBXFileSystemSynchronizedBuildFileExceptionSet;
			membershipExceptions = (
				DesignSystem/CoverTint.swift,
				DesignSystem/Fonts/Inter.ttf,
				DesignSystem/Fonts/SpaceGrotesk.ttf,
				DesignSystem/Theme.swift,
				Widgets/Shared/RecentGradient.swift,
				Widgets/Shared/RecentSnapshot.swift,
				Widgets/Shared/TogglePlaybackIntent.swift,
				Widgets/Shared/WidgetConstants.swift,
				Widgets/Shared/WidgetSnapshotStore.swift,
			);
			target = B5E6B92E2FD33AAF00D7A8A6 /* mnmlWidgets */;
		};
/* End PBXFileSystemSynchronizedBuildFileExceptionSet section */

/* Begin PBXFileSystemSynchronizedRootGroup section */
		AAAA0000000000000000AA01 /* mnmlTests */ = {
			isa = PBXFileSystemSynchronizedRootGroup;
			path = mnmlTests;
			sourceTree = "<group>";
		};
		B5E6B9352FD33AAF00D7A8A6 /* mnmlWidgets */ = {
			isa = PBXFileSystemSynchronizedRootGroup;
			exceptions = (
				B5E6B9432FD33AB000D7A8A6 /* Exceptions for "mnmlWidgets" folder in "mnmlWidgets" target */,
			);
			path = mnmlWidgets;
			sourceTree = "<group>";
		};
		B5F7ABE42FC8ED3500BDBF26 /* mnml */ = {
			isa = PBXFileSystemSynchronizedRootGroup;
			exceptions = (
				AAAA0000000000000000AAC0 /* Exceptions for "mnml" folder in "mnml" target */,
				B5E6B9522FD33B4100D7A8A6 /* Exceptions for "mnml" folder in "mnmlWidgets" target */,
			);
			path = mnml;
			sourceTree = "<group>";
		};
/* End PBXFileSystemSynchronizedRootGroup section */

/* Begin PBXFrameworksBuildPhase section */
		AAAA0000000000000000AA04 /* Frameworks */ = {
			isa = PBXFrameworksBuildPhase;
			buildActionMask = 2147483647;
			files = (
			);
			runOnlyForDeploymentPostprocessing = 0;
		};
		B5E6B92C2FD33AAF00D7A8A6 /* Frameworks */ = {
			isa = PBXFrameworksBuildPhase;
			buildActionMask = 2147483647;
			files = (
				B5E6B9342FD33AAF00D7A8A6 /* SwiftUI.framework in Frameworks */,
				B5E6B9322FD33AAF00D7A8A6 /* WidgetKit.framework in Frameworks */,
			);
			runOnlyForDeploymentPostprocessing = 0;
		};
		B5F7ABDF2FC8ED3500BDBF26 /* Frameworks */ = {
			isa = PBXFrameworksBuildPhase;
			buildActionMask = 2147483647;
			files = (
			);
			runOnlyForDeploymentPostprocessing = 0;
		};
/* End PBXFrameworksBuildPhase section */

/* Begin PBXGroup section */
		B5E6B9302FD33AAF00D7A8A6 /* Frameworks */ = {
			isa = PBXGroup;
			children = (
				B5E6B9312FD33AAF00D7A8A6 /* WidgetKit.framework */,
				B5E6B9332FD33AAF00D7A8A6 /* SwiftUI.framework */,
			);
			name = Frameworks;
			sourceTree = "<group>";
		};
		B5F7ABD92FC8ED3500BDBF26 = {
			isa = PBXGroup;
			children = (
				B5F7ABE42FC8ED3500BDBF26 /* mnml */,
				AAAA0000000000000000AA01 /* mnmlTests */,
				B5E6B9352FD33AAF00D7A8A6 /* mnmlWidgets */,
				B5E6B9302FD33AAF00D7A8A6 /* Frameworks */,
				B5F7ABE32FC8ED3500BDBF26 /* Products */,
				B5CA3A3D2FD41D14005BE938 /* LICENSE */,
				B5CA3A3E2FD41D14005BE938 /* README.md */,
				B5CA3A502FD41D14005BE938 /* Signing.xcconfig */,
			);
			sourceTree = "<group>";
		};
		B5F7ABE32FC8ED3500BDBF26 /* Products */ = {
			isa = PBXGroup;
			children = (
				B5F7ABE22FC8ED3500BDBF26 /* mnml.app */,
				AAAA0000000000000000AA06 /* mnmlTests.xctest */,
				B5E6B92F2FD33AAF00D7A8A6 /* mnmlWidgets.appex */,
			);
			name = Products;
			sourceTree = "<group>";
		};
/* End PBXGroup section */

/* Begin PBXNativeTarget section */
		AAAA0000000000000000AA02 /* mnmlTests */ = {
			isa = PBXNativeTarget;
			buildConfigurationList = AAAA0000000000000000AA07 /* Build configuration list for PBXNativeTarget "mnmlTests" */;
			buildPhases = (
				AAAA0000000000000000AA03 /* Sources */,
				AAAA0000000000000000AA04 /* Frameworks */,
				AAAA0000000000000000AA05 /* Resources */,
			);
			buildRules = (
			);
			dependencies = (
				AAAA0000000000000000AA0A /* PBXTargetDependency */,
			);
			fileSystemSynchronizedGroups = (
				AAAA0000000000000000AA01 /* mnmlTests */,
			);
			name = mnmlTests;
			packageProductDependencies = (
			);
			productName = mnmlTests;
			productReference = AAAA0000000000000000AA06 /* mnmlTests.xctest */;
			productType = "com.apple.product-type.bundle.unit-test";
		};
		B5E6B92E2FD33AAF00D7A8A6 /* mnmlWidgets */ = {
			isa = PBXNativeTarget;
			buildConfigurationList = B5E6B9402FD33AB000D7A8A6 /* Build configuration list for PBXNativeTarget "mnmlWidgets" */;
			buildPhases = (
				B5E6B92B2FD33AAF00D7A8A6 /* Sources */,
				B5E6B92C2FD33AAF00D7A8A6 /* Frameworks */,
				B5E6B92D2FD33AAF00D7A8A6 /* Resources */,
			);
			buildRules = (
			);
			dependencies = (
			);
			fileSystemSynchronizedGroups = (
				B5E6B9352FD33AAF00D7A8A6 /* mnmlWidgets */,
			);
			name = mnmlWidgets;
			packageProductDependencies = (
			);
			productName = mnmlWidgetsExtension;
			productReference = B5E6B92F2FD33AAF00D7A8A6 /* mnmlWidgets.appex */;
			productType = "com.apple.product-type.app-extension";
		};
		B5F7ABE12FC8ED3500BDBF26 /* mnml */ = {
			isa = PBXNativeTarget;
			buildConfigurationList = B5F7ABED2FC8ED3700BDBF26 /* Build configuration list for PBXNativeTarget "mnml" */;
			buildPhases = (
				B5F7ABDE2FC8ED3500BDBF26 /* Sources */,
				B5F7ABDF2FC8ED3500BDBF26 /* Frameworks */,
				B5F7ABE02FC8ED3500BDBF26 /* Resources */,
				B5E6B9442FD33AB000D7A8A6 /* Embed Foundation Extensions */,
			);
			buildRules = (
			);
			dependencies = (
				B5E6B93E2FD33AB000D7A8A6 /* PBXTargetDependency */,
			);
			fileSystemSynchronizedGroups = (
				B5F7ABE42FC8ED3500BDBF26 /* mnml */,
			);
			name = mnml;
			packageProductDependencies = (
			);
			productName = mnml;
			productReference = B5F7ABE22FC8ED3500BDBF26 /* mnml.app */;
			productType = "com.apple.product-type.application";
		};
/* End PBXNativeTarget section */

/* Begin PBXProject section */
		B5F7ABDA2FC8ED3500BDBF26 /* Project object */ = {
			isa = PBXProject;
			attributes = {
				BuildIndependentTargetsInParallel = 1;
				LastSwiftUpdateCheck = 2650;
				LastUpgradeCheck = 2650;
				TargetAttributes = {
					AAAA0000000000000000AA02 = {
						CreatedOnToolsVersion = 26.5;
						TestTargetID = B5F7ABE12FC8ED3500BDBF26;
					};
					B5E6B92E2FD33AAF00D7A8A6 = {
						CreatedOnToolsVersion = 26.5;
					};
					B5F7ABE12FC8ED3500BDBF26 = {
						CreatedOnToolsVersion = 26.5;
					};
				};
			};
			buildConfigurationList = B5F7ABDD2FC8ED3500BDBF26 /* Build configuration list for PBXProject "mnml" */;
			developmentRegion = en;
			hasScannedForEncodings = 0;
			knownRegions = (
				en,
				de,
				Base,
			);
			mainGroup = B5F7ABD92FC8ED3500BDBF26;
			minimizedProjectReferenceProxies = 1;
			preferredProjectObjectVersion = 77;
			productRefGroup = B5F7ABE32FC8ED3500BDBF26 /* Products */;
			projectDirPath = "";
			projectRoot = "";
			targets = (
				B5F7ABE12FC8ED3500BDBF26 /* mnml */,
				AAAA0000000000000000AA02 /* mnmlTests */,
				B5E6B92E2FD33AAF00D7A8A6 /* mnmlWidgets */,
			);
		};
/* End PBXProject section */

/* Begin PBXResourcesBuildPhase section */
		AAAA0000000000000000AA05 /* Resources */ = {
			isa = PBXResourcesBuildPhase;
			buildActionMask = 2147483647;
			files = (
			);
			runOnlyForDeploymentPostprocessing = 0;
		};
		B5E6B92D2FD33AAF00D7A8A6 /* Resources */ = {
			isa = PBXResourcesBuildPhase;
			buildActionMask = 2147483647;
			files = (
			);
			runOnlyForDeploymentPostprocessing = 0;
		};
		B5F7ABE02FC8ED3500BDBF26 /* Resources */ = {
			isa = PBXResourcesBuildPhase;
			buildActionMask = 2147483647;
			files = (
				B5CA3A3F2FD41D14005BE938 /* README.md in Resources */,
				B5CA3A402FD41D14005BE938 /* LICENSE in Resources */,
			);
			runOnlyForDeploymentPostprocessing = 0;
		};
/* End PBXResourcesBuildPhase section */

/* Begin PBXSourcesBuildPhase section */
		AAAA0000000000000000AA03 /* Sources */ = {
			isa = PBXSourcesBuildPhase;
			buildActionMask = 2147483647;
			files = (
			);
			runOnlyForDeploymentPostprocessing = 0;
		};
		B5E6B92B2FD33AAF00D7A8A6 /* Sources */ = {
			isa = PBXSourcesBuildPhase;
			buildActionMask = 2147483647;
			files = (
			);
			runOnlyForDeploymentPostprocessing = 0;
		};
		B5F7ABDE2FC8ED3500BDBF26 /* Sources */ = {
			isa = PBXSourcesBuildPhase;
			buildActionMask = 2147483647;
			files = (
			);
			runOnlyForDeploymentPostprocessing = 0;
		};
/* End PBXSourcesBuildPhase section */

/* Begin PBXTargetDependency section */
		AAAA0000000000000000AA0A /* PBXTargetDependency */ = {
			isa = PBXTargetDependency;
			target = B5F7ABE12FC8ED3500BDBF26 /* mnml */;
			targetProxy = AAAA0000000000000000AA0B /* PBXContainerItemProxy */;
		};
		B5E6B93E2FD33AB000D7A8A6 /* PBXTargetDependency */ = {
			isa = PBXTargetDependency;
			target = B5E6B92E2FD33AAF00D7A8A6 /* mnmlWidgets */;
			targetProxy = B5E6B93D2FD33AB000D7A8A6 /* PBXContainerItemProxy */;
		};
/* End PBXTargetDependency section */

/* Begin XCBuildConfiguration section */
		AAAA0000000000000000AA08 /* Debug */ = {
			isa = XCBuildConfiguration;
			buildSettings = {
				BUNDLE_LOADER = "$(TEST_HOST)";
				CODE_SIGN_STYLE = Automatic;
				CURRENT_PROJECT_VERSION = 2;
				GENERATE_INFOPLIST_FILE = YES;
				IPHONEOS_DEPLOYMENT_TARGET = 26.5;
				MARKETING_VERSION = 1.0;
				PRODUCT_BUNDLE_IDENTIFIER = com.tapsharp.mnmlTests;
				PRODUCT_NAME = "$(TARGET_NAME)";
				SDKROOT = iphoneos;
				SUPPORTED_PLATFORMS = "iphoneos iphonesimulator";
				SUPPORTS_MACCATALYST = NO;
				SUPPORTS_MAC_DESIGNED_FOR_IPHONE_IPAD = NO;
				SUPPORTS_XR_DESIGNED_FOR_IPHONE_IPAD = NO;
				SWIFT_EMIT_LOC_STRINGS = NO;
				SWIFT_VERSION = 5.0;
				TARGETED_DEVICE_FAMILY = "1,2";
				TEST_HOST = "$(BUILT_PRODUCTS_DIR)/mnml.app/$(BUNDLE_EXECUTABLE_FOLDER_PATH)/mnml";
			};
			name = Debug;
		};
		AAAA0000000000000000AA09 /* Release */ = {
			isa = XCBuildConfiguration;
			buildSettings = {
				BUNDLE_LOADER = "$(TEST_HOST)";
				CODE_SIGN_STYLE = Automatic;
				CURRENT_PROJECT_VERSION = 2;
				GENERATE_INFOPLIST_FILE = YES;
				IPHONEOS_DEPLOYMENT_TARGET = 26.5;
				MARKETING_VERSION = 1.0;
				PRODUCT_BUNDLE_IDENTIFIER = com.tapsharp.mnmlTests;
				PRODUCT_NAME = "$(TARGET_NAME)";
				SDKROOT = iphoneos;
				SUPPORTED_PLATFORMS = "iphoneos iphonesimulator";
				SUPPORTS_MACCATALYST = NO;
				SUPPORTS_MAC_DESIGNED_FOR_IPHONE_IPAD = NO;
				SUPPORTS_XR_DESIGNED_FOR_IPHONE_IPAD = NO;
				SWIFT_EMIT_LOC_STRINGS = NO;
				SWIFT_VERSION = 5.0;
				TARGETED_DEVICE_FAMILY = "1,2";
				TEST_HOST = "$(BUILT_PRODUCTS_DIR)/mnml.app/$(BUNDLE_EXECUTABLE_FOLDER_PATH)/mnml";
			};
			name = Release;
		};
		B5E6B9412FD33AB000D7A8A6 /* Debug */ = {
			isa = XCBuildConfiguration;
			buildSettings = {
				ASSETCATALOG_COMPILER_GLOBAL_ACCENT_COLOR_NAME = AccentColor;
				ASSETCATALOG_COMPILER_WIDGET_BACKGROUND_COLOR_NAME = WidgetBackground;
				CODE_SIGN_ENTITLEMENTS = mnmlWidgets/mnmlWidgets.entitlements;
				CODE_SIGN_STYLE = Automatic;
				CURRENT_PROJECT_VERSION = 2;
				GENERATE_INFOPLIST_FILE = YES;
				INFOPLIST_FILE = mnmlWidgets/Info.plist;
				INFOPLIST_KEY_CFBundleDisplayName = mnmlWidgets;
				INFOPLIST_KEY_NSHumanReadableCopyright = "";
				IPHONEOS_DEPLOYMENT_TARGET = 26.5;
				LD_RUNPATH_SEARCH_PATHS = (
					"$(inherited)",
					"@executable_path/Frameworks",
					"@executable_path/../../Frameworks",
				);
				MARKETING_VERSION = 1.0;
				PRODUCT_BUNDLE_IDENTIFIER = com.tapsharp.mnml.mnmlWidgets;
				PRODUCT_NAME = "$(TARGET_NAME)";
				SDKROOT = iphoneos;
				SKIP_INSTALL = YES;
				STRING_CATALOG_GENERATE_SYMBOLS = YES;
				SUPPORTED_PLATFORMS = "iphoneos iphonesimulator";
				SUPPORTS_MACCATALYST = NO;
				SUPPORTS_MAC_DESIGNED_FOR_IPHONE_IPAD = NO;
				SUPPORTS_XR_DESIGNED_FOR_IPHONE_IPAD = NO;
				SWIFT_APPROACHABLE_CONCURRENCY = YES;
				SWIFT_EMIT_LOC_STRINGS = YES;
				SWIFT_UPCOMING_FEATURE_MEMBER_IMPORT_VISIBILITY = YES;
				SWIFT_VERSION = 5.0;
				TARGETED_DEVICE_FAMILY = "1,2";
			};
			name = Debug;
		};
		B5E6B9422FD33AB000D7A8A6 /* Release */ = {
			isa = XCBuildConfiguration;
			buildSettings = {
				ASSETCATALOG_COMPILER_GLOBAL_ACCENT_COLOR_NAME = AccentColor;
				ASSETCATALOG_COMPILER_WIDGET_BACKGROUND_COLOR_NAME = WidgetBackground;
				CODE_SIGN_ENTITLEMENTS = mnmlWidgets/mnmlWidgets.entitlements;
				CODE_SIGN_STYLE = Automatic;
				CURRENT_PROJECT_VERSION = 2;
				GENERATE_INFOPLIST_FILE = YES;
				INFOPLIST_FILE = mnmlWidgets/Info.plist;
				INFOPLIST_KEY_CFBundleDisplayName = mnmlWidgets;
				INFOPLIST_KEY_NSHumanReadableCopyright = "";
				IPHONEOS_DEPLOYMENT_TARGET = 26.5;
				LD_RUNPATH_SEARCH_PATHS = (
					"$(inherited)",
					"@executable_path/Frameworks",
					"@executable_path/../../Frameworks",
				);
				MARKETING_VERSION = 1.0;
				PRODUCT_BUNDLE_IDENTIFIER = com.tapsharp.mnml.mnmlWidgets;
				PRODUCT_NAME = "$(TARGET_NAME)";
				SDKROOT = iphoneos;
				SKIP_INSTALL = YES;
				STRING_CATALOG_GENERATE_SYMBOLS = YES;
				SUPPORTED_PLATFORMS = "iphoneos iphonesimulator";
				SUPPORTS_MACCATALYST = NO;
				SUPPORTS_MAC_DESIGNED_FOR_IPHONE_IPAD = NO;
				SUPPORTS_XR_DESIGNED_FOR_IPHONE_IPAD = NO;
				SWIFT_APPROACHABLE_CONCURRENCY = YES;
				SWIFT_EMIT_LOC_STRINGS = YES;
				SWIFT_UPCOMING_FEATURE_MEMBER_IMPORT_VISIBILITY = YES;
				SWIFT_VERSION = 5.0;
				TARGETED_DEVICE_FAMILY = "1,2";
				VALIDATE_PRODUCT = YES;
			};
			name = Release;
		};
		B5F7ABEB2FC8ED3700BDBF26 /* Debug */ = {
			isa = XCBuildConfiguration;
			baseConfigurationReference = B5CA3A502FD41D14005BE938 /* Signing.xcconfig */;
			buildSettings = {
				ALWAYS_SEARCH_USER_PATHS = NO;
				ASSETCATALOG_COMPILER_GENERATE_SWIFT_ASSET_SYMBOL_EXTENSIONS = YES;
				CLANG_ANALYZER_NONNULL = YES;
				CLANG_ANALYZER_NUMBER_OBJECT_CONVERSION = YES_AGGRESSIVE;
				CLANG_CXX_LANGUAGE_STANDARD = "gnu++20";
				CLANG_ENABLE_MODULES = YES;
				CLANG_ENABLE_OBJC_ARC = YES;
				CLANG_ENABLE_OBJC_WEAK = YES;
				CLANG_WARN_BLOCK_CAPTURE_AUTORELEASING = YES;
				CLANG_WARN_BOOL_CONVERSION = YES;
				CLANG_WARN_COMMA = YES;
				CLANG_WARN_CONSTANT_CONVERSION = YES;
				CLANG_WARN_DEPRECATED_OBJC_IMPLEMENTATIONS = YES;
				CLANG_WARN_DIRECT_OBJC_ISA_USAGE = YES_ERROR;
				CLANG_WARN_DOCUMENTATION_COMMENTS = YES;
				CLANG_WARN_EMPTY_BODY = YES;
				CLANG_WARN_ENUM_CONVERSION = YES;
				CLANG_WARN_INFINITE_RECURSION = YES;
				CLANG_WARN_INT_CONVERSION = YES;
				CLANG_WARN_NON_LITERAL_NULL_CONVERSION = YES;
				CLANG_WARN_OBJC_IMPLICIT_RETAIN_SELF = YES;
				CLANG_WARN_OBJC_LITERAL_CONVERSION = YES;
				CLANG_WARN_OBJC_ROOT_CLASS = YES_ERROR;
				CLANG_WARN_QUOTED_INCLUDE_IN_FRAMEWORK_HEADER = YES;
				CLANG_WARN_RANGE_LOOP_ANALYSIS = YES;
				CLANG_WARN_STRICT_PROTOTYPES = YES;
				CLANG_WARN_SUSPICIOUS_MOVE = YES;
				CLANG_WARN_UNGUARDED_AVAILABILITY = YES_AGGRESSIVE;
				CLANG_WARN_UNREACHABLE_CODE = YES;
				CLANG_WARN__DUPLICATE_METHOD_MATCH = YES;
				COPY_PHASE_STRIP = NO;
				DEBUG_INFORMATION_FORMAT = dwarf;
				ENABLE_STRICT_OBJC_MSGSEND = YES;
				ENABLE_TESTABILITY = YES;
				ENABLE_USER_SCRIPT_SANDBOXING = YES;
				GCC_C_LANGUAGE_STANDARD = gnu17;
				GCC_DYNAMIC_NO_PIC = NO;
				GCC_NO_COMMON_BLOCKS = YES;
				GCC_OPTIMIZATION_LEVEL = 0;
				GCC_PREPROCESSOR_DEFINITIONS = (
					"DEBUG=1",
					"$(inherited)",
				);
				GCC_WARN_64_TO_32_BIT_CONVERSION = YES;
				GCC_WARN_ABOUT_RETURN_TYPE = YES_ERROR;
				GCC_WARN_UNDECLARED_SELECTOR = YES;
				GCC_WARN_UNINITIALIZED_AUTOS = YES_AGGRESSIVE;
				GCC_WARN_UNUSED_FUNCTION = YES;
				GCC_WARN_UNUSED_VARIABLE = YES;
				LOCALIZATION_PREFERS_STRING_CATALOGS = YES;
				MTL_ENABLE_DEBUG_INFO = INCLUDE_SOURCE;
				MTL_FAST_MATH = YES;
				ONLY_ACTIVE_ARCH = YES;
				SWIFT_ACTIVE_COMPILATION_CONDITIONS = "DEBUG $(inherited)";
				SWIFT_OPTIMIZATION_LEVEL = "-Onone";
			};
			name = Debug;
		};
		B5F7ABEC2FC8ED3700BDBF26 /* Release */ = {
			isa = XCBuildConfiguration;
			baseConfigurationReference = B5CA3A502FD41D14005BE938 /* Signing.xcconfig */;
			buildSettings = {
				ALWAYS_SEARCH_USER_PATHS = NO;
				ASSETCATALOG_COMPILER_GENERATE_SWIFT_ASSET_SYMBOL_EXTENSIONS = YES;
				CLANG_ANALYZER_NONNULL = YES;
				CLANG_ANALYZER_NUMBER_OBJECT_CONVERSION = YES_AGGRESSIVE;
				CLANG_CXX_LANGUAGE_STANDARD = "gnu++20";
				CLANG_ENABLE_MODULES = YES;
				CLANG_ENABLE_OBJC_ARC = YES;
				CLANG_ENABLE_OBJC_WEAK = YES;
				CLANG_WARN_BLOCK_CAPTURE_AUTORELEASING = YES;
				CLANG_WARN_BOOL_CONVERSION = YES;
				CLANG_WARN_COMMA = YES;
				CLANG_WARN_CONSTANT_CONVERSION = YES;
				CLANG_WARN_DEPRECATED_OBJC_IMPLEMENTATIONS = YES;
				CLANG_WARN_DIRECT_OBJC_ISA_USAGE = YES_ERROR;
				CLANG_WARN_DOCUMENTATION_COMMENTS = YES;
				CLANG_WARN_EMPTY_BODY = YES;
				CLANG_WARN_ENUM_CONVERSION = YES;
				CLANG_WARN_INFINITE_RECURSION = YES;
				CLANG_WARN_INT_CONVERSION = YES;
				CLANG_WARN_NON_LITERAL_NULL_CONVERSION = YES;
				CLANG_WARN_OBJC_IMPLICIT_RETAIN_SELF = YES;
				CLANG_WARN_OBJC_LITERAL_CONVERSION = YES;
				CLANG_WARN_OBJC_ROOT_CLASS = YES_ERROR;
				CLANG_WARN_QUOTED_INCLUDE_IN_FRAMEWORK_HEADER = YES;
				CLANG_WARN_RANGE_LOOP_ANALYSIS = YES;
				CLANG_WARN_STRICT_PROTOTYPES = YES;
				CLANG_WARN_SUSPICIOUS_MOVE = YES;
				CLANG_WARN_UNGUARDED_AVAILABILITY = YES_AGGRESSIVE;
				CLANG_WARN_UNREACHABLE_CODE = YES;
				CLANG_WARN__DUPLICATE_METHOD_MATCH = YES;
				COPY_PHASE_STRIP = NO;
				DEBUG_INFORMATION_FORMAT = "dwarf-with-dsym";
				ENABLE_NS_ASSERTIONS = NO;
				ENABLE_STRICT_OBJC_MSGSEND = YES;
				ENABLE_USER_SCRIPT_SANDBOXING = YES;
				GCC_C_LANGUAGE_STANDARD = gnu17;
				GCC_NO_COMMON_BLOCKS = YES;
				GCC_WARN_64_TO_32_BIT_CONVERSION = YES;
				GCC_WARN_ABOUT_RETURN_TYPE = YES_ERROR;
				GCC_WARN_UNDECLARED_SELECTOR = YES;
				GCC_WARN_UNINITIALIZED_AUTOS = YES_AGGRESSIVE;
				GCC_WARN_UNUSED_FUNCTION = YES;
				GCC_WARN_UNUSED_VARIABLE = YES;
				LOCALIZATION_PREFERS_STRING_CATALOGS = YES;
				MTL_ENABLE_DEBUG_INFO = NO;
				MTL_FAST_MATH = YES;
				SWIFT_COMPILATION_MODE = wholemodule;
			};
			name = Release;
		};
		B5F7ABEE2FC8ED3700BDBF26 /* Debug */ = {
			isa = XCBuildConfiguration;
			buildSettings = {
				ASSETCATALOG_COMPILER_APPICON_NAME = mnml;
				ASSETCATALOG_COMPILER_GLOBAL_ACCENT_COLOR_NAME = AccentColor;
				CODE_SIGN_ENTITLEMENTS = mnml/mnml.entitlements;
				CODE_SIGN_STYLE = Automatic;
				CURRENT_PROJECT_VERSION = 2;
				ENABLE_APP_SANDBOX = YES;
				ENABLE_HARDENED_RUNTIME = YES;
				ENABLE_PREVIEWS = YES;
				ENABLE_USER_SELECTED_FILES = readonly;
				GENERATE_INFOPLIST_FILE = YES;
				INFOPLIST_FILE = mnml/Info.plist;
				INFOPLIST_KEY_CFBundleDisplayName = mnml.;
				INFOPLIST_KEY_LSApplicationCategoryType = "public.app-category.entertainment";
				INFOPLIST_KEY_LSSupportsOpeningDocumentsInPlace = YES;
				"INFOPLIST_KEY_UIApplicationSceneManifest_Generation[sdk=iphoneos*]" = YES;
				"INFOPLIST_KEY_UIApplicationSceneManifest_Generation[sdk=iphonesimulator*]" = YES;
				"INFOPLIST_KEY_UIApplicationSupportsIndirectInputEvents[sdk=iphoneos*]" = YES;
				"INFOPLIST_KEY_UIApplicationSupportsIndirectInputEvents[sdk=iphonesimulator*]" = YES;
				"INFOPLIST_KEY_UILaunchScreen_Generation[sdk=iphoneos*]" = YES;
				"INFOPLIST_KEY_UILaunchScreen_Generation[sdk=iphonesimulator*]" = YES;
				"INFOPLIST_KEY_UIStatusBarStyle[sdk=iphoneos*]" = UIStatusBarStyleDefault;
				"INFOPLIST_KEY_UIStatusBarStyle[sdk=iphonesimulator*]" = UIStatusBarStyleDefault;
				INFOPLIST_KEY_UISupportedInterfaceOrientations = UIInterfaceOrientationPortrait;
				INFOPLIST_KEY_UISupportedInterfaceOrientations_iPad = "UIInterfaceOrientationLandscapeLeft UIInterfaceOrientationLandscapeRight UIInterfaceOrientationPortrait UIInterfaceOrientationPortraitUpsideDown";
				IPHONEOS_DEPLOYMENT_TARGET = 26.0;
				LD_RUNPATH_SEARCH_PATHS = "@executable_path/Frameworks";
				"LD_RUNPATH_SEARCH_PATHS[sdk=macosx*]" = "@executable_path/../Frameworks";
				MACOSX_DEPLOYMENT_TARGET = 26.5;
				MARKETING_VERSION = 1.0;
				PRODUCT_BUNDLE_IDENTIFIER = com.tapsharp.mnml;
				PRODUCT_NAME = "$(TARGET_NAME)";
				REGISTER_APP_GROUPS = YES;
				SDKROOT = auto;
				STRING_CATALOG_GENERATE_SYMBOLS = YES;
				SUPPORTED_PLATFORMS = "iphoneos iphonesimulator";
				SUPPORTS_MACCATALYST = NO;
				SWIFT_APPROACHABLE_CONCURRENCY = YES;
				SWIFT_DEFAULT_ACTOR_ISOLATION = MainActor;
				SWIFT_EMIT_LOC_STRINGS = YES;
				SWIFT_UPCOMING_FEATURE_MEMBER_IMPORT_VISIBILITY = YES;
				SWIFT_VERSION = 5.0;
				TARGETED_DEVICE_FAMILY = "1,2";
				XROS_DEPLOYMENT_TARGET = 26.5;
			};
			name = Debug;
		};
		B5F7ABEF2FC8ED3700BDBF26 /* Release */ = {
			isa = XCBuildConfiguration;
			buildSettings = {
				ASSETCATALOG_COMPILER_APPICON_NAME = mnml;
				ASSETCATALOG_COMPILER_GLOBAL_ACCENT_COLOR_NAME = AccentColor;
				CODE_SIGN_ENTITLEMENTS = mnml/mnml.entitlements;
				CODE_SIGN_STYLE = Automatic;
				CURRENT_PROJECT_VERSION = 2;
				ENABLE_APP_SANDBOX = YES;
				ENABLE_HARDENED_RUNTIME = YES;
				ENABLE_PREVIEWS = YES;
				ENABLE_USER_SELECTED_FILES = readonly;
				GENERATE_INFOPLIST_FILE = YES;
				INFOPLIST_FILE = mnml/Info.plist;
				INFOPLIST_KEY_CFBundleDisplayName = mnml.;
				INFOPLIST_KEY_LSApplicationCategoryType = "public.app-category.entertainment";
				INFOPLIST_KEY_LSSupportsOpeningDocumentsInPlace = YES;
				"INFOPLIST_KEY_UIApplicationSceneManifest_Generation[sdk=iphoneos*]" = YES;
				"INFOPLIST_KEY_UIApplicationSceneManifest_Generation[sdk=iphonesimulator*]" = YES;
				"INFOPLIST_KEY_UIApplicationSupportsIndirectInputEvents[sdk=iphoneos*]" = YES;
				"INFOPLIST_KEY_UIApplicationSupportsIndirectInputEvents[sdk=iphonesimulator*]" = YES;
				"INFOPLIST_KEY_UILaunchScreen_Generation[sdk=iphoneos*]" = YES;
				"INFOPLIST_KEY_UILaunchScreen_Generation[sdk=iphonesimulator*]" = YES;
				"INFOPLIST_KEY_UIStatusBarStyle[sdk=iphoneos*]" = UIStatusBarStyleDefault;
				"INFOPLIST_KEY_UIStatusBarStyle[sdk=iphonesimulator*]" = UIStatusBarStyleDefault;
				INFOPLIST_KEY_UISupportedInterfaceOrientations = UIInterfaceOrientationPortrait;
				INFOPLIST_KEY_UISupportedInterfaceOrientations_iPad = "UIInterfaceOrientationLandscapeLeft UIInterfaceOrientationLandscapeRight UIInterfaceOrientationPortrait UIInterfaceOrientationPortraitUpsideDown";
				IPHONEOS_DEPLOYMENT_TARGET = 26.0;
				LD_RUNPATH_SEARCH_PATHS = "@executable_path/Frameworks";
				"LD_RUNPATH_SEARCH_PATHS[sdk=macosx*]" = "@executable_path/../Frameworks";
				MACOSX_DEPLOYMENT_TARGET = 26.5;
				MARKETING_VERSION = 1.0;
				PRODUCT_BUNDLE_IDENTIFIER = com.tapsharp.mnml;
				PRODUCT_NAME = "$(TARGET_NAME)";
				REGISTER_APP_GROUPS = YES;
				SDKROOT = auto;
				STRING_CATALOG_GENERATE_SYMBOLS = YES;
				SUPPORTED_PLATFORMS = "iphoneos iphonesimulator";
				SUPPORTS_MACCATALYST = NO;
				SWIFT_APPROACHABLE_CONCURRENCY = YES;
				SWIFT_DEFAULT_ACTOR_ISOLATION = MainActor;
				SWIFT_EMIT_LOC_STRINGS = YES;
				SWIFT_UPCOMING_FEATURE_MEMBER_IMPORT_VISIBILITY = YES;
				SWIFT_VERSION = 5.0;
				TARGETED_DEVICE_FAMILY = "1,2";
				XROS_DEPLOYMENT_TARGET = 26.5;
			};
			name = Release;
		};
/* End XCBuildConfiguration section */

/* Begin XCConfigurationList section */
		AAAA0000000000000000AA07 /* Build configuration list for PBXNativeTarget "mnmlTests" */ = {
			isa = XCConfigurationList;
			buildConfigurations = (
				AAAA0000000000000000AA08 /* Debug */,
				AAAA0000000000000000AA09 /* Release */,
			);
			defaultConfigurationIsVisible = 0;
			defaultConfigurationName = Release;
		};
		B5E6B9402FD33AB000D7A8A6 /* Build configuration list for PBXNativeTarget "mnmlWidgets" */ = {
			isa = XCConfigurationList;
			buildConfigurations = (
				B5E6B9412FD33AB000D7A8A6 /* Debug */,
				B5E6B9422FD33AB000D7A8A6 /* Release */,
			);
			defaultConfigurationIsVisible = 0;
			defaultConfigurationName = Release;
		};
		B5F7ABDD2FC8ED3500BDBF26 /* Build configuration list for PBXProject "mnml" */ = {
			isa = XCConfigurationList;
			buildConfigurations = (
				B5F7ABEB2FC8ED3700BDBF26 /* Debug */,
				B5F7ABEC2FC8ED3700BDBF26 /* Release */,
			);
			defaultConfigurationIsVisible = 0;
			defaultConfigurationName = Release;
		};
		B5F7ABED2FC8ED3700BDBF26 /* Build configuration list for PBXNativeTarget "mnml" */ = {
			isa = XCConfigurationList;
			buildConfigurations = (
				B5F7ABEE2FC8ED3700BDBF26 /* Debug */,
				B5F7ABEF2FC8ED3700BDBF26 /* Release */,
			);
			defaultConfigurationIsVisible = 0;
			defaultConfigurationName = Release;
		};
/* End XCConfigurationList section */
	};
	rootObject = B5F7ABDA2FC8ED3500BDBF26 /* Project object */;
}
